
Microsoft Visual Studio Solution File, Format Version 12.00
# Visual Studio Version 17
VisualStudioVersion = 17.11.35222.181
MinimumVisualStudioVersion = 10.0.40219.1
Project("{FAE04EC0-301F-11D3-BF4B-00C04F79EFBC}") = "pz_12", "pz_12\pz_12.csproj", "{EF050F4C-438F-4A2B-A0C3-CB64CE3FDB55}"
EndProject
Global
	GlobalSection(SolutionConfigurationPlatforms) = preSolution
		Debug|Any CPU = Debug|Any CPU
		Release|Any CPU = Release|Any CPU
	EndGlobalSection
	GlobalSection(ProjectConfigurationPlatforms) = postSolution
		{EF050F4C-438F-4A2B-A0C3-CB64CE3FDB55}.Debug|Any CPU.ActiveCfg = Debug|Any CPU
		{EF050F4C-438F-4A2B-A0C3-CB64CE3FDB55}.Debug|Any CPU.Build.0 = Debug|Any CPU
		{EF050F4C-438F-4A2B-A0C3-CB64CE3FDB55}.Release|Any CPU.ActiveCfg = Release|Any CPU
		{EF050F4C-438F-4A2B-A0C3-CB64CE3FDB55}.Release|Any CPU.Build.0 = Release|Any CPU
	EndGlobalSection
	GlobalSection(SolutionProperties) = preSolution
		HideSolutionNode = FALSE
	EndGlobalSection
	GlobalSection(ExtensibilityGlobals) = postSolution
		SolutionGuid = {CA932D16-9C0C-4779-B358-055FA108403C}
	EndGlobalSection
EndGlobal
