
Microsoft Visual Studio Solution File, Format Version 12.00
# Visual Studio Version 17
VisualStudioVersion = 17.11.35222.181
MinimumVisualStudioVersion = 10.0.40219.1
Project("{FAE04EC0-301F-11D3-BF4B-00C04F79EFBC}") = "is23k_rastvorov", "is23k_rastvorov\is23k_rastvorov.csproj", "{8D6B3598-4656-4041-A5DD-488C6B596A8E}"
EndProject
Global
	GlobalSection(SolutionConfigurationPlatforms) = preSolution
		Debug|Any CPU = Debug|Any CPU
		Release|Any CPU = Release|Any CPU
	EndGlobalSection
	GlobalSection(ProjectConfigurationPlatforms) = postSolution
		{8D6B3598-4656-4041-A5DD-488C6B596A8E}.Debug|Any CPU.ActiveCfg = Debug|Any CPU
		{8D6B3598-4656-4041-A5DD-488C6B596A8E}.Debug|Any CPU.Build.0 = Debug|Any CPU
		{8D6B3598-4656-4041-A5DD-488C6B596A8E}.Release|Any CPU.ActiveCfg = Release|Any CPU
		{8D6B3598-4656-4041-A5DD-488C6B596A8E}.Release|Any CPU.Build.0 = Release|Any CPU
	EndGlobalSection
	GlobalSection(SolutionProperties) = preSolution
		HideSolutionNode = FALSE
	EndGlobalSection
	GlobalSection(ExtensibilityGlobals) = postSolution
		SolutionGuid = {0CEF5557-0815-499D-83EB-CF66C03AFCF5}
	EndGlobalSection
EndGlobal
