
Microsoft Visual Studio Solution File, Format Version 12.00
# Visual Studio Version 17
VisualStudioVersion = 17.11.35222.181
MinimumVisualStudioVersion = 10.0.40219.1
Project("{FAE04EC0-301F-11D3-BF4B-00C04F79EFBC}") = "is23k_rastvorov", "is23k_rastvorov\is23k_rastvorov.csproj", "{CEAE47B5-316D-43E3-87F1-AAD4246047CC}"
EndProject
Global
	GlobalSection(SolutionConfigurationPlatforms) = preSolution
		Debug|Any CPU = Debug|Any CPU
		Release|Any CPU = Release|Any CPU
	EndGlobalSection
	GlobalSection(ProjectConfigurationPlatforms) = postSolution
		{CEAE47B5-316D-43E3-87F1-AAD4246047CC}.Debug|Any CPU.ActiveCfg = Debug|Any CPU
		{CEAE47B5-316D-43E3-87F1-AAD4246047CC}.Debug|Any CPU.Build.0 = Debug|Any CPU
		{CEAE47B5-316D-43E3-87F1-AAD4246047CC}.Release|Any CPU.ActiveCfg = Release|Any CPU
		{CEAE47B5-316D-43E3-87F1-AAD4246047CC}.Release|Any CPU.Build.0 = Release|Any CPU
	EndGlobalSection
	GlobalSection(SolutionProperties) = preSolution
		HideSolutionNode = FALSE
	EndGlobalSection
	GlobalSection(ExtensibilityGlobals) = postSolution
		SolutionGuid = {B851A270-15FF-4CE8-BE52-E0770FAB8AE4}
	EndGlobalSection
EndGlobal
