
Microsoft Visual Studio Solution File, Format Version 12.00
# Visual Studio Version 17
VisualStudioVersion = 17.12.35323.107
MinimumVisualStudioVersion = 10.0.40219.1
Project("{FAE04EC0-301F-11D3-BF4B-00C04F79EFBC}") = "2 задание", "2 задание\2 задание.csproj", "{BDA2A7C7-30E3-440E-B150-E5D3890A7DCC}"
EndProject
Global
	GlobalSection(SolutionConfigurationPlatforms) = preSolution
		Debug|Any CPU = Debug|Any CPU
		Release|Any CPU = Release|Any CPU
	EndGlobalSection
	GlobalSection(ProjectConfigurationPlatforms) = postSolution
		{BDA2A7C7-30E3-440E-B150-E5D3890A7DCC}.Debug|Any CPU.ActiveCfg = Debug|Any CPU
		{BDA2A7C7-30E3-440E-B150-E5D3890A7DCC}.Debug|Any CPU.Build.0 = Debug|Any CPU
		{BDA2A7C7-30E3-440E-B150-E5D3890A7DCC}.Release|Any CPU.ActiveCfg = Release|Any CPU
		{BDA2A7C7-30E3-440E-B150-E5D3890A7DCC}.Release|Any CPU.Build.0 = Release|Any CPU
	EndGlobalSection
	GlobalSection(SolutionProperties) = preSolution
		HideSolutionNode = FALSE
	EndGlobalSection
	GlobalSection(ExtensibilityGlobals) = postSolution
		SolutionGuid = {D0706783-3591-44F7-ADDE-5F36FC885F5E}
	EndGlobalSection
EndGlobal
