
Microsoft Visual Studio Solution File, Format Version 12.00
# Visual Studio Version 17
VisualStudioVersion = 17.11.35219.272
MinimumVisualStudioVersion = 10.0.40219.1
Project("{FAE04EC0-301F-11D3-BF4B-00C04F79EFBC}") = "is23k_rastvorov2", "is23k_rastvorov2\is23k_rastvorov2.csproj", "{47613E96-CA32-4433-A009-12D638951041}"
EndProject
Global
	GlobalSection(SolutionConfigurationPlatforms) = preSolution
		Debug|Any CPU = Debug|Any CPU
		Release|Any CPU = Release|Any CPU
	EndGlobalSection
	GlobalSection(ProjectConfigurationPlatforms) = postSolution
		{47613E96-CA32-4433-A009-12D638951041}.Debug|Any CPU.ActiveCfg = Debug|Any CPU
		{47613E96-CA32-4433-A009-12D638951041}.Debug|Any CPU.Build.0 = Debug|Any CPU
		{47613E96-CA32-4433-A009-12D638951041}.Release|Any CPU.ActiveCfg = Release|Any CPU
		{47613E96-CA32-4433-A009-12D638951041}.Release|Any CPU.Build.0 = Release|Any CPU
	EndGlobalSection
	GlobalSection(SolutionProperties) = preSolution
		HideSolutionNode = FALSE
	EndGlobalSection
	GlobalSection(ExtensibilityGlobals) = postSolution
		SolutionGuid = {62FCE38D-4E27-45E2-A37F-499452F28B95}
	EndGlobalSection
EndGlobal
