
Microsoft Visual Studio Solution File, Format Version 12.00
# Visual Studio Version 17
VisualStudioVersion = 17.11.35219.272
MinimumVisualStudioVersion = 10.0.40219.1
Project("{FAE04EC0-301F-11D3-BF4B-00C04F79EFBC}") = "IS23K_rastvorov", "IS23K_rastvorov\IS23K_rastvorov.csproj", "{43B88483-AFCA-403D-A9CE-752298F687DC}"
EndProject
Global
	GlobalSection(SolutionConfigurationPlatforms) = preSolution
		Debug|Any CPU = Debug|Any CPU
		Release|Any CPU = Release|Any CPU
	EndGlobalSection
	GlobalSection(ProjectConfigurationPlatforms) = postSolution
		{43B88483-AFCA-403D-A9CE-752298F687DC}.Debug|Any CPU.ActiveCfg = Debug|Any CPU
		{43B88483-AFCA-403D-A9CE-752298F687DC}.Debug|Any CPU.Build.0 = Debug|Any CPU
		{43B88483-AFCA-403D-A9CE-752298F687DC}.Release|Any CPU.ActiveCfg = Release|Any CPU
		{43B88483-AFCA-403D-A9CE-752298F687DC}.Release|Any CPU.Build.0 = Release|Any CPU
	EndGlobalSection
	GlobalSection(SolutionProperties) = preSolution
		HideSolutionNode = FALSE
	EndGlobalSection
	GlobalSection(ExtensibilityGlobals) = postSolution
		SolutionGuid = {BC49CE49-0357-4BEC-92A1-4889458EEC97}
	EndGlobalSection
EndGlobal
